
Microsoft Visual Studio Solution File, Format Version 12.00
# Visual Studio Version 17
VisualStudioVersion = 17.9.34723.18
MinimumVisualStudioVersion = 10.0.40219.1
Project("{FAE04EC0-301F-11D3-BF4B-00C04F79EFBC}") = "AnimatedButton", "AnimatedButton\AnimatedButton.csproj", "{3FB0FE66-4170-4920-AC85-3C24BD7ABB60}"
EndProject
Global
	GlobalSection(SolutionConfigurationPlatforms) = preSolution
		Debug|Any CPU = Debug|Any CPU
		Release|Any CPU = Release|Any CPU
	EndGlobalSection
	GlobalSection(ProjectConfigurationPlatforms) = postSolution
		{3FB0FE66-4170-4920-AC85-3C24BD7ABB60}.Debug|Any CPU.ActiveCfg = Debug|Any CPU
		{3FB0FE66-4170-4920-AC85-3C24BD7ABB60}.Debug|Any CPU.Build.0 = Debug|Any CPU
		{3FB0FE66-4170-4920-AC85-3C24BD7ABB60}.Release|Any CPU.ActiveCfg = Release|Any CPU
		{3FB0FE66-4170-4920-AC85-3C24BD7ABB60}.Release|Any CPU.Build.0 = Release|Any CPU
	EndGlobalSection
	GlobalSection(SolutionProperties) = preSolution
		HideSolutionNode = FALSE
	EndGlobalSection
	GlobalSection(ExtensibilityGlobals) = postSolution
		SolutionGuid = {1CE18B4D-B581-4FB6-AF50-FCFFEF56707F}
	EndGlobalSection
EndGlobal
